// !$*UTF8*$!
{
	archiveVersion = 1;
	classes = {
	};
	objectVersion = 50;
	objects = {

/* Begin PBXBuildFile section */
		A474673522D39DDE00118BDA /* AppDelegate.swift in Sources */ = {isa = PBXBuildFile; fileRef = A474673422D39DDE00118BDA /* AppDelegate.swift */; };
		A474673A22D39DDE00118BDA /* Main.storyboard in Resources */ = {isa = PBXBuildFile; fileRef = A474673822D39DDE00118BDA /* Main.storyboard */; };
		A474673C22D39DDF00118BDA /* Assets.xcassets in Resources */ = {isa = PBXBuildFile; fileRef = A474673B22D39DDF00118BDA /* Assets.xcassets */; };
		A474673F22D39DDF00118BDA /* LaunchScreen.storyboard in Resources */ = {isa = PBXBuildFile; fileRef = A474673D22D39DDF00118BDA /* LaunchScreen.storyboard */; };
		A474674922D39FC600118BDA /* Message.swift in Sources */ = {isa = PBXBuildFile; fileRef = A474674822D39FC600118BDA /* Message.swift */; };
/* End PBXBuildFile section */

/* Begin PBXFileReference section */
		A474673122D39DDE00118BDA /* BulletinBoard.app */ = {isa = PBXFileReference; explicitFileType = wrapper.application; includeInIndex = 0; path = BulletinBoard.app; sourceTree = BUILT_PRODUCTS_DIR; };
		A474673422D39DDE00118BDA /* AppDelegate.swift */ = {isa = PBXFileReference; lastKnownFileType = sourcecode.swift; path = AppDelegate.swift; sourceTree = "<group>"; };
		A474673922D39DDE00118BDA /* Base */ = {isa = PBXFileReference; lastKnownFileType = file.storyboard; name = Base; path = Base.lproj/Main.storyboard; sourceTree = "<group>"; };
		A474673B22D39DDF00118BDA /* Assets.xcassets */ = {isa = PBXFileReference; lastKnownFileType = folder.assetcatalog; path = Assets.xcassets; sourceTree = "<group>"; };
		A474673E22D39DDF00118BDA /* Base */ = {isa = PBXFileReference; lastKnownFileType = file.storyboard; name = Base; path = Base.lproj/LaunchScreen.storyboard; sourceTree = "<group>"; };
		A474674022D39DDF00118BDA /* Info.plist */ = {isa = PBXFileReference; lastKnownFileType = text.plist.xml; path = Info.plist; sourceTree = "<group>"; };
		A474674822D39FC600118BDA /* Message.swift */ = {isa = PBXFileReference; lastKnownFileType = sourcecode.swift; path = Message.swift; sourceTree = "<group>"; };
/* End PBXFileReference section */

/* Begin PBXFrameworksBuildPhase section */
		A474672E22D39DDE00118BDA /* Frameworks */ = {
			isa = PBXFrameworksBuildPhase;
			buildActionMask = 2147483647;
			files = (
			);
			runOnlyForDeploymentPostprocessing = 0;
		};
/* End PBXFrameworksBuildPhase section */

/* Begin PBXGroup section */
		A474672822D39DDE00118BDA = {
			isa = PBXGroup;
			children = (
				A474673322D39DDE00118BDA /* BulletinBoard */,
				A474673222D39DDE00118BDA /* Products */,
			);
			sourceTree = "<group>";
		};
		A474673222D39DDE00118BDA /* Products */ = {
			isa = PBXGroup;
			children = (
				A474673122D39DDE00118BDA /* BulletinBoard.app */,
			);
			name = Products;
			sourceTree = "<group>";
		};
		A474673322D39DDE00118BDA /* BulletinBoard */ = {
			isa = PBXGroup;
			children = (
				A474674622D39E4100118BDA /* Resources */,
				A474674722D39E5C00118BDA /* StoryBoards */,
				A474674822D39FC600118BDA /* Message.swift */,
			);
			path = BulletinBoard;
			sourceTree = "<group>";
		};
		A474674622D39E4100118BDA /* Resources */ = {
			isa = PBXGroup;
			children = (
				A474673422D39DDE00118BDA /* AppDelegate.swift */,
				A474673B22D39DDF00118BDA /* Assets.xcassets */,
				A474673D22D39DDF00118BDA /* LaunchScreen.storyboard */,
				A474674022D39DDF00118BDA /* Info.plist */,
			);
			path = Resources;
			sourceTree = "<group>";
		};
		A474674722D39E5C00118BDA /* StoryBoards */ = {
			isa = PBXGroup;
			children = (
				A474673822D39DDE00118BDA /* Main.storyboard */,
			);
			path = StoryBoards;
			sourceTree = "<group>";
		};
/* End PBXGroup section */

/* Begin PBXNativeTarget section */
		A474673022D39DDE00118BDA /* BulletinBoard */ = {
			isa = PBXNativeTarget;
			buildConfigurationList = A474674322D39DDF00118BDA /* Build configuration list for PBXNativeTarget "BulletinBoard" */;
			buildPhases = (
				A474672D22D39DDE00118BDA /* Sources */,
				A474672E22D39DDE00118BDA /* Frameworks */,
				A474672F22D39DDE00118BDA /* Resources */,
			);
			buildRules = (
			);
			dependencies = (
			);
			name = BulletinBoard;
			productName = BulletinBoard;
			productReference = A474673122D39DDE00118BDA /* BulletinBoard.app */;
			productType = "com.apple.product-type.application";
		};
/* End PBXNativeTarget section */

/* Begin PBXProject section */
		A474672922D39DDE00118BDA /* Project object */ = {
			isa = PBXProject;
			attributes = {
				LastSwiftUpdateCheck = 1020;
				LastUpgradeCheck = 1020;
				ORGANIZATIONNAME = "Jason Mandozzi";
				TargetAttributes = {
					A474673022D39DDE00118BDA = {
						CreatedOnToolsVersion = 10.2.1;
					};
				};
			};
			buildConfigurationList = A474672C22D39DDE00118BDA /* Build configuration list for PBXProject "BulletinBoard" */;
			compatibilityVersion = "Xcode 9.3";
			developmentRegion = en;
			hasScannedForEncodings = 0;
			knownRegions = (
				en,
				Base,
			);
			mainGroup = A474672822D39DDE00118BDA;
			productRefGroup = A474673222D39DDE00118BDA /* Products */;
			projectDirPath = "";
			projectRoot = "";
			targets = (
				A474673022D39DDE00118BDA /* BulletinBoard */,
			);
		};
/* End PBXProject section */

/* Begin PBXResourcesBuildPhase section */
		A474672F22D39DDE00118BDA /* Resources */ = {
			isa = PBXResourcesBuildPhase;
			buildActionMask = 2147483647;
			files = (
				A474673F22D39DDF00118BDA /* LaunchScreen.storyboard in Resources */,
				A474673C22D39DDF00118BDA /* Assets.xcassets in Resources */,
				A474673A22D39DDE00118BDA /* Main.storyboard in Resources */,
			);
			runOnlyForDeploymentPostprocessing = 0;
		};
/* End PBXResourcesBuildPhase section */

/* Begin PBXSourcesBuildPhase section */
		A474672D22D39DDE00118BDA /* Sources */ = {
			isa = PBXSourcesBuildPhase;
			buildActionMask = 2147483647;
			files = (
				A474673522D39DDE00118BDA /* AppDelegate.swift in Sources */,
				A474674922D39FC600118BDA /* Message.swift in Sources */,
			);
			runOnlyForDeploymentPostprocessing = 0;
		};
/* End PBXSourcesBuildPhase section */

/* Begin PBXVariantGroup section */
		A474673822D39DDE00118BDA /* Main.storyboard */ = {
			isa = PBXVariantGroup;
			children = (
				A474673922D39DDE00118BDA /* Base */,
			);
			name = Main.storyboard;
			sourceTree = "<group>";
		};
		A474673D22D39DDF00118BDA /* LaunchScreen.storyboard */ = {
			isa = PBXVariantGroup;
			children = (
				A474673E22D39DDF00118BDA /* Base */,
			);
			name = LaunchScreen.storyboard;
			sourceTree = "<group>";
		};
/* End PBXVariantGroup section */

/* Begin XCBuildConfiguration section */
		A474674122D39DDF00118BDA /* Debug */ = {
			isa = XCBuildConfiguration;
			buildSettings = {
				ALWAYS_SEARCH_USER_PATHS = NO;
				CLANG_ANALYZER_NONNULL = YES;
				CLANG_ANALYZER_NUMBER_OBJECT_CONVERSION = YES_AGGRESSIVE;
				CLANG_CXX_LANGUAGE_STANDARD = "gnu++14";
				CLANG_CXX_LIBRARY = "libc++";
				CLANG_ENABLE_MODULES = YES;
				CLANG_ENABLE_OBJC_ARC = YES;
				CLANG_ENABLE_OBJC_WEAK = YES;
				CLANG_WARN_BLOCK_CAPTURE_AUTORELEASING = YES;
				CLANG_WARN_BOOL_CONVERSION = YES;
				CLANG_WARN_COMMA = YES;
				CLANG_WARN_CONSTANT_CONVERSION = YES;
				CLANG_WARN_DEPRECATED_OBJC_IMPLEMENTATIONS = YES;
				CLANG_WARN_DIRECT_OBJC_ISA_USAGE = YES_ERROR;
				CLANG_WARN_DOCUMENTATION_COMMENTS = YES;
				CLANG_WARN_EMPTY_BODY = YES;
				CLANG_WARN_ENUM_CONVERSION = YES;
				CLANG_WARN_INFINITE_RECURSION = YES;
				CLANG_WARN_INT_CONVERSION = YES;
				CLANG_WARN_NON_LITERAL_NULL_CONVERSION = YES;
				CLANG_WARN_OBJC_IMPLICIT_RETAIN_SELF = YES;
				CLANG_WARN_OBJC_LITERAL_CONVERSION = YES;
				CLANG_WARN_OBJC_ROOT_CLASS = YES_ERROR;
				CLANG_WARN_RANGE_LOOP_ANALYSIS = YES;
				CLANG_WARN_STRICT_PROTOTYPES = YES;
				CLANG_WARN_SUSPICIOUS_MOVE = YES;
				CLANG_WARN_UNGUARDED_AVAILABILITY = YES_AGGRESSIVE;
				CLANG_WARN_UNREACHABLE_CODE = YES;
				CLANG_WARN__DUPLICATE_METHOD_MATCH = YES;
				CODE_SIGN_IDENTITY = "iPhone Developer";
				COPY_PHASE_STRIP = NO;
				DEBUG_INFORMATION_FORMAT = dwarf;
				ENABLE_STRICT_OBJC_MSGSEND = YES;
				ENABLE_TESTABILITY = YES;
				GCC_C_LANGUAGE_STANDARD = gnu11;
				GCC_DYNAMIC_NO_PIC = NO;
				GCC_NO_COMMON_BLOCKS = YES;
				GCC_OPTIMIZATION_LEVEL = 0;
				GCC_PREPROCESSOR_DEFINITIONS = (
					"DEBUG=1",
					"$(inherited)",
				);
				GCC_WARN_64_TO_32_BIT_CONVERSION = YES;
				GCC_WARN_ABOUT_RETURN_TYPE = YES_ERROR;
				GCC_WARN_UNDECLARED_SELECTOR = YES;
				GCC_WARN_UNINITIALIZED_AUTOS = YES_AGGRESSIVE;
				GCC_WARN_UNUSED_FUNCTION = YES;
				GCC_WARN_UNUSED_VARIABLE = YES;
				IPHONEOS_DEPLOYMENT_TARGET = 12.2;
				MTL_ENABLE_DEBUG_INFO = INCLUDE_SOURCE;
				MTL_FAST_MATH = YES;
				ONLY_ACTIVE_ARCH = YES;
				SDKROOT = iphoneos;
				SWIFT_ACTIVE_COMPILATION_CONDITIONS = DEBUG;
				SWIFT_OPTIMIZATION_LEVEL = "-Onone";
			};
			name = Debug;
		};
		A474674222D39DDF00118BDA /* Release */ = {
			isa = XCBuildConfiguration;
			buildSettings = {
				ALWAYS_SEARCH_USER_PATHS = NO;
				CLANG_ANALYZER_NONNULL = YES;
				CLANG_ANALYZER_NUMBER_OBJECT_CONVERSION = YES_AGGRESSIVE;
				CLANG_CXX_LANGUAGE_STANDARD = "gnu++14";
				CLANG_CXX_LIBRARY = "libc++";
				CLANG_ENABLE_MODULES = YES;
				CLANG_ENABLE_OBJC_ARC = YES;
				CLANG_ENABLE_OBJC_WEAK = YES;
				CLANG_WARN_BLOCK_CAPTURE_AUTORELEASING = YES;
				CLANG_WARN_BOOL_CONVERSION = YES;
				CLANG_WARN_COMMA = YES;
				CLANG_WARN_CONSTANT_CONVERSION = YES;
				CLANG_WARN_DEPRECATED_OBJC_IMPLEMENTATIONS = YES;
				CLANG_WARN_DIRECT_OBJC_ISA_USAGE = YES_ERROR;
				CLANG_WARN_DOCUMENTATION_COMMENTS = YES;
				CLANG_WARN_EMPTY_BODY = YES;
				CLANG_WARN_ENUM_CONVERSION = YES;
				CLANG_WARN_INFINITE_RECURSION = YES;
				CLANG_WARN_INT_CONVERSION = YES;
				CLANG_WARN_NON_LITERAL_NULL_CONVERSION = YES;
				CLANG_WARN_OBJC_IMPLICIT_RETAIN_SELF = YES;
				CLANG_WARN_OBJC_LITERAL_CONVERSION = YES;
				CLANG_WARN_OBJC_ROOT_CLASS = YES_ERROR;
				CLANG_WARN_RANGE_LOOP_ANALYSIS = YES;
				CLANG_WARN_STRICT_PROTOTYPES = YES;
				CLANG_WARN_SUSPICIOUS_MOVE = YES;
				CLANG_WARN_UNGUARDED_AVAILABILITY = YES_AGGRESSIVE;
				CLANG_WARN_UNREACHABLE_CODE = YES;
				CLANG_WARN__DUPLICATE_METHOD_MATCH = YES;
				CODE_SIGN_IDENTITY = "iPhone Developer";
				COPY_PHASE_STRIP = NO;
				DEBUG_INFORMATION_FORMAT = "dwarf-with-dsym";
				ENABLE_NS_ASSERTIONS = NO;
				ENABLE_STRICT_OBJC_MSGSEND = YES;
				GCC_C_LANGUAGE_STANDARD = gnu11;
				GCC_NO_COMMON_BLOCKS = YES;
				GCC_WARN_64_TO_32_BIT_CONVERSION = YES;
				GCC_WARN_ABOUT_RETURN_TYPE = YES_ERROR;
				GCC_WARN_UNDECLARED_SELECTOR = YES;
				GCC_WARN_UNINITIALIZED_AUTOS = YES_AGGRESSIVE;
				GCC_WARN_UNUSED_FUNCTION = YES;
				GCC_WARN_UNUSED_VARIABLE = YES;
				IPHONEOS_DEPLOYMENT_TARGET = 12.2;
				MTL_ENABLE_DEBUG_INFO = NO;
				MTL_FAST_MATH = YES;
				SDKROOT = iphoneos;
				SWIFT_COMPILATION_MODE = wholemodule;
				SWIFT_OPTIMIZATION_LEVEL = "-O";
				VALIDATE_PRODUCT = YES;
			};
			name = Release;
		};
		A474674422D39DDF00118BDA /* Debug */ = {
			isa = XCBuildConfiguration;
			buildSettings = {
				ASSETCATALOG_COMPILER_APPICON_NAME = AppIcon;
				CODE_SIGN_STYLE = Automatic;
				DEVELOPMENT_TEAM = 3ZLX8VSJT3;
				INFOPLIST_FILE = "$(SRCROOT)/BulletinBoard/Resources/Info.plist";
				LD_RUNPATH_SEARCH_PATHS = (
					"$(inherited)",
					"@executable_path/Frameworks",
				);
				PRODUCT_BUNDLE_IDENTIFIER = com.jasonbmandozzi.BulletinBoard;
				PRODUCT_NAME = "$(TARGET_NAME)";
				SWIFT_VERSION = 5.0;
				TARGETED_DEVICE_FAMILY = "1,2";
			};
			name = Debug;
		};
		A474674522D39DDF00118BDA /* Release */ = {
			isa = XCBuildConfiguration;
			buildSettings = {
				ASSETCATALOG_COMPILER_APPICON_NAME = AppIcon;
				CODE_SIGN_STYLE = Automatic;
				DEVELOPMENT_TEAM = 3ZLX8VSJT3;
				INFOPLIST_FILE = "$(SRCROOT)/BulletinBoard/Resources/Info.plist";
				LD_RUNPATH_SEARCH_PATHS = (
					"$(inherited)",
					"@executable_path/Frameworks",
				);
				PRODUCT_BUNDLE_IDENTIFIER = com.jasonbmandozzi.BulletinBoard;
				PRODUCT_NAME = "$(TARGET_NAME)";
				SWIFT_VERSION = 5.0;
				TARGETED_DEVICE_FAMILY = "1,2";
			};
			name = Release;
		};
/* End XCBuildConfiguration section */

/* Begin XCConfigurationList section */
		A474672C22D39DDE00118BDA /* Build configuration list for PBXProject "BulletinBoard" */ = {
			isa = XCConfigurationList;
			buildConfigurations = (
				A474674122D39DDF00118BDA /* Debug */,
				A474674222D39DDF00118BDA /* Release */,
			);
			defaultConfigurationIsVisible = 0;
			defaultConfigurationName = Release;
		};
		A474674322D39DDF00118BDA /* Build configuration list for PBXNativeTarget "BulletinBoard" */ = {
			isa = XCConfigurationList;
			buildConfigurations = (
				A474674422D39DDF00118BDA /* Debug */,
				A474674522D39DDF00118BDA /* Release */,
			);
			defaultConfigurationIsVisible = 0;
			defaultConfigurationName = Release;
		};
/* End XCConfigurationList section */
	};
	rootObject = A474672922D39DDE00118BDA /* Project object */;
}
